
Microsoft Visual Studio Solution File, Format Version 12.00
# Visual Studio Version 17
VisualStudioVersion = 17.10.35004.147
MinimumVisualStudioVersion = 10.0.40219.1
Project("{FAE04EC0-301F-11D3-BF4B-00C04F79EFBC}") = "BikeMatrix.Server", "BikeMatrix.Server\BikeMatrix.Server.csproj", "{9F04DFF5-AF48-4672-998F-FD9573716A89}"
EndProject
Project("{54A90642-561A-4BB1-A94E-469ADEE60C69}") = "bikematrix.client", "bikematrix.client\bikematrix.client.esproj", "{425FC1E0-26B1-4EC9-9B2B-BF79C4AA9CE1}"
EndProject
Project("{FAE04EC0-301F-11D3-BF4B-00C04F79EFBC}") = "BikeMatrix.Data", "BikeMatrix.Data\BikeMatrix.Data.csproj", "{9D69837A-D0A2-4C0B-AFE1-218F7BCFE40D}"
EndProject
Project("{FAE04EC0-301F-11D3-BF4B-00C04F79EFBC}") = "UnitsOfWork", "UnitsOfWork\UnitsOfWork.csproj", "{2E2EB399-CE83-43B2-B3C2-CA0F8CF1FA93}"
EndProject
Global
	GlobalSection(SolutionConfigurationPlatforms) = preSolution
		Debug|Any CPU = Debug|Any CPU
		Release|Any CPU = Release|Any CPU
	EndGlobalSection
	GlobalSection(ProjectConfigurationPlatforms) = postSolution
		{9F04DFF5-AF48-4672-998F-FD9573716A89}.Debug|Any CPU.ActiveCfg = Debug|Any CPU
		{9F04DFF5-AF48-4672-998F-FD9573716A89}.Debug|Any CPU.Build.0 = Debug|Any CPU
		{9F04DFF5-AF48-4672-998F-FD9573716A89}.Release|Any CPU.ActiveCfg = Release|Any CPU
		{9F04DFF5-AF48-4672-998F-FD9573716A89}.Release|Any CPU.Build.0 = Release|Any CPU
		{425FC1E0-26B1-4EC9-9B2B-BF79C4AA9CE1}.Debug|Any CPU.ActiveCfg = Debug|Any CPU
		{425FC1E0-26B1-4EC9-9B2B-BF79C4AA9CE1}.Debug|Any CPU.Build.0 = Debug|Any CPU
		{425FC1E0-26B1-4EC9-9B2B-BF79C4AA9CE1}.Debug|Any CPU.Deploy.0 = Debug|Any CPU
		{425FC1E0-26B1-4EC9-9B2B-BF79C4AA9CE1}.Release|Any CPU.ActiveCfg = Release|Any CPU
		{425FC1E0-26B1-4EC9-9B2B-BF79C4AA9CE1}.Release|Any CPU.Build.0 = Release|Any CPU
		{425FC1E0-26B1-4EC9-9B2B-BF79C4AA9CE1}.Release|Any CPU.Deploy.0 = Release|Any CPU
		{9D69837A-D0A2-4C0B-AFE1-218F7BCFE40D}.Debug|Any CPU.ActiveCfg = Debug|Any CPU
		{9D69837A-D0A2-4C0B-AFE1-218F7BCFE40D}.Debug|Any CPU.Build.0 = Debug|Any CPU
		{9D69837A-D0A2-4C0B-AFE1-218F7BCFE40D}.Release|Any CPU.ActiveCfg = Release|Any CPU
		{9D69837A-D0A2-4C0B-AFE1-218F7BCFE40D}.Release|Any CPU.Build.0 = Release|Any CPU
		{2E2EB399-CE83-43B2-B3C2-CA0F8CF1FA93}.Debug|Any CPU.ActiveCfg = Debug|Any CPU
		{2E2EB399-CE83-43B2-B3C2-CA0F8CF1FA93}.Debug|Any CPU.Build.0 = Debug|Any CPU
		{2E2EB399-CE83-43B2-B3C2-CA0F8CF1FA93}.Release|Any CPU.ActiveCfg = Release|Any CPU
		{2E2EB399-CE83-43B2-B3C2-CA0F8CF1FA93}.Release|Any CPU.Build.0 = Release|Any CPU
	EndGlobalSection
	GlobalSection(SolutionProperties) = preSolution
		HideSolutionNode = FALSE
	EndGlobalSection
	GlobalSection(ExtensibilityGlobals) = postSolution
		SolutionGuid = {6D32ADB7-0FCB-43DC-A105-2C6890D9052B}
	EndGlobalSection
EndGlobal
